{
  "name": "generatetenant",
  "version": "1.0.0",
  "lockfileVersion": 3,
  "requires": true,
  "packages": {
    "": {
      "name": "generatetenant",
      "version": "1.0.0",
      "license": "ISC",
      "dependencies": {
        "@faker-js/faker": "^8.1.0",
        "args-parser": "^1.3.0"
      }
    },
    "node_modules/@faker-js/faker": {
      "version": "8.1.0",
      "resolved": "https://registry.npmjs.org/@faker-js/faker/-/faker-8.1.0.tgz",
      "integrity": "sha512-38DT60rumHfBYynif3lmtxMqMqmsOQIxQgEuPZxCk2yUYN0eqWpTACgxi0VpidvsJB8CRxCpvP7B3anK85FjtQ==",
      "funding": [
        {
          "type": "opencollective",
          "url": "https://opencollective.com/fakerjs"
        }
      ],
      "engines": {
        "node": "^14.17.0 || ^16.13.0 || >=18.0.0",
        "npm": ">=6.14.13"
      }
    },
    "node_modules/args-parser": {
      "version": "1.3.0",
      "resolved": "https://registry.npmjs.org/args-parser/-/args-parser-1.3.0.tgz",
      "integrity": "sha512-If3Zi4BSjlQIJ9fgAhSiKi0oJtgMzSqh0H4wvl7XSeO16FKx7QqaHld8lZeEajPX7y1C5qKKeNgyrfyvmjmjUQ=="
    }
  }
}
