# THIS IS AN AUTOGENERATED FILE. DO NOT EDIT THIS FILE DIRECTLY.
# yarn lockfile v1


"@faker-js/faker@^8.1.0":
  version "8.1.0"
  resolved "https://registry.yarnpkg.com/@faker-js/faker/-/faker-8.1.0.tgz#e14896f1c57af2495e341dc4c7bf04125c8aeafd"
  integrity sha512-38DT60rumHfBYynif3lmtxMqMqmsOQIxQgEuPZxCk2yUYN0eqWpTACgxi0VpidvsJB8CRxCpvP7B3anK85FjtQ==

args-parser@^1.3.0:
  version "1.3.0"
  resolved "https://registry.yarnpkg.com/args-parser/-/args-parser-1.3.0.tgz#c52280e7a454df00ff35bc37ab7cfb543f28d304"
  integrity sha512-If3Zi4BSjlQIJ9fgAhSiKi0oJtgMzSqh0H4wvl7XSeO16FKx7QqaHld8lZeEajPX7y1C5qKKeNgyrfyvmjmjUQ==
